
Microsoft Visual Studio Solution File, Format Version 12.00
# Visual Studio 14
VisualStudioVersion = 14.0.23107.0
MinimumVisualStudioVersion = 10.0.40219.1
Project("{FAE04EC0-301F-11D3-BF4B-00C04F79EFBC}") = "FranceVacanceBookingSystem", "FranceVacanceBookingSystem\FranceVacanceBookingSystem.csproj", "{850DD1D4-D9CC-4EE5-B680-CE0898CC4F3D}"
EndProject
Project("{FAE04EC0-301F-11D3-BF4B-00C04F79EFBC}") = "FranceVacanceBookingSystemTest", "FranceVacanceBookingSystemTest\FranceVacanceBookingSystemTest.csproj", "{490AADD3-8A2F-4F26-A51B-DF44A7E23405}"
EndProject
Global
	GlobalSection(SolutionConfigurationPlatforms) = preSolution
		Debug|Any CPU = Debug|Any CPU
		Debug|ARM = Debug|ARM
		Debug|x64 = Debug|x64
		Debug|x86 = Debug|x86
		Release|Any CPU = Release|Any CPU
		Release|ARM = Release|ARM
		Release|x64 = Release|x64
		Release|x86 = Release|x86
	EndGlobalSection
	GlobalSection(ProjectConfigurationPlatforms) = postSolution
		{850DD1D4-D9CC-4EE5-B680-CE0898CC4F3D}.Debug|Any CPU.ActiveCfg = Debug|Any CPU
		{850DD1D4-D9CC-4EE5-B680-CE0898CC4F3D}.Debug|Any CPU.Build.0 = Debug|Any CPU
		{850DD1D4-D9CC-4EE5-B680-CE0898CC4F3D}.Debug|Any CPU.Deploy.0 = Debug|Any CPU
		{850DD1D4-D9CC-4EE5-B680-CE0898CC4F3D}.Debug|ARM.ActiveCfg = Debug|ARM
		{850DD1D4-D9CC-4EE5-B680-CE0898CC4F3D}.Debug|ARM.Build.0 = Debug|ARM
		{850DD1D4-D9CC-4EE5-B680-CE0898CC4F3D}.Debug|ARM.Deploy.0 = Debug|ARM
		{850DD1D4-D9CC-4EE5-B680-CE0898CC4F3D}.Debug|x64.ActiveCfg = Debug|x64
		{850DD1D4-D9CC-4EE5-B680-CE0898CC4F3D}.Debug|x64.Build.0 = Debug|x64
		{850DD1D4-D9CC-4EE5-B680-CE0898CC4F3D}.Debug|x64.Deploy.0 = Debug|x64
		{850DD1D4-D9CC-4EE5-B680-CE0898CC4F3D}.Debug|x86.ActiveCfg = Debug|x86
		{850DD1D4-D9CC-4EE5-B680-CE0898CC4F3D}.Debug|x86.Build.0 = Debug|x86
		{850DD1D4-D9CC-4EE5-B680-CE0898CC4F3D}.Debug|x86.Deploy.0 = Debug|x86
		{850DD1D4-D9CC-4EE5-B680-CE0898CC4F3D}.Release|Any CPU.ActiveCfg = Release|Any CPU
		{850DD1D4-D9CC-4EE5-B680-CE0898CC4F3D}.Release|Any CPU.Build.0 = Release|Any CPU
		{850DD1D4-D9CC-4EE5-B680-CE0898CC4F3D}.Release|Any CPU.Deploy.0 = Release|Any CPU
		{850DD1D4-D9CC-4EE5-B680-CE0898CC4F3D}.Release|ARM.ActiveCfg = Release|ARM
		{850DD1D4-D9CC-4EE5-B680-CE0898CC4F3D}.Release|ARM.Build.0 = Release|ARM
		{850DD1D4-D9CC-4EE5-B680-CE0898CC4F3D}.Release|ARM.Deploy.0 = Release|ARM
		{850DD1D4-D9CC-4EE5-B680-CE0898CC4F3D}.Release|x64.ActiveCfg = Release|x64
		{850DD1D4-D9CC-4EE5-B680-CE0898CC4F3D}.Release|x64.Build.0 = Release|x64
		{850DD1D4-D9CC-4EE5-B680-CE0898CC4F3D}.Release|x64.Deploy.0 = Release|x64
		{850DD1D4-D9CC-4EE5-B680-CE0898CC4F3D}.Release|x86.ActiveCfg = Release|x86
		{850DD1D4-D9CC-4EE5-B680-CE0898CC4F3D}.Release|x86.Build.0 = Release|x86
		{850DD1D4-D9CC-4EE5-B680-CE0898CC4F3D}.Release|x86.Deploy.0 = Release|x86
		{490AADD3-8A2F-4F26-A51B-DF44A7E23405}.Debug|Any CPU.ActiveCfg = Debug|Any CPU
		{490AADD3-8A2F-4F26-A51B-DF44A7E23405}.Debug|Any CPU.Build.0 = Debug|Any CPU
		{490AADD3-8A2F-4F26-A51B-DF44A7E23405}.Debug|Any CPU.Deploy.0 = Debug|Any CPU
		{490AADD3-8A2F-4F26-A51B-DF44A7E23405}.Debug|ARM.ActiveCfg = Debug|ARM
		{490AADD3-8A2F-4F26-A51B-DF44A7E23405}.Debug|ARM.Build.0 = Debug|ARM
		{490AADD3-8A2F-4F26-A51B-DF44A7E23405}.Debug|ARM.Deploy.0 = Debug|ARM
		{490AADD3-8A2F-4F26-A51B-DF44A7E23405}.Debug|x64.ActiveCfg = Debug|x64
		{490AADD3-8A2F-4F26-A51B-DF44A7E23405}.Debug|x64.Build.0 = Debug|x64
		{490AADD3-8A2F-4F26-A51B-DF44A7E23405}.Debug|x64.Deploy.0 = Debug|x64
		{490AADD3-8A2F-4F26-A51B-DF44A7E23405}.Debug|x86.ActiveCfg = Debug|x86
		{490AADD3-8A2F-4F26-A51B-DF44A7E23405}.Debug|x86.Build.0 = Debug|x86
		{490AADD3-8A2F-4F26-A51B-DF44A7E23405}.Debug|x86.Deploy.0 = Debug|x86
		{490AADD3-8A2F-4F26-A51B-DF44A7E23405}.Release|Any CPU.ActiveCfg = Release|Any CPU
		{490AADD3-8A2F-4F26-A51B-DF44A7E23405}.Release|Any CPU.Build.0 = Release|Any CPU
		{490AADD3-8A2F-4F26-A51B-DF44A7E23405}.Release|Any CPU.Deploy.0 = Release|Any CPU
		{490AADD3-8A2F-4F26-A51B-DF44A7E23405}.Release|ARM.ActiveCfg = Release|ARM
		{490AADD3-8A2F-4F26-A51B-DF44A7E23405}.Release|ARM.Build.0 = Release|ARM
		{490AADD3-8A2F-4F26-A51B-DF44A7E23405}.Release|ARM.Deploy.0 = Release|ARM
		{490AADD3-8A2F-4F26-A51B-DF44A7E23405}.Release|x64.ActiveCfg = Release|x64
		{490AADD3-8A2F-4F26-A51B-DF44A7E23405}.Release|x64.Build.0 = Release|x64
		{490AADD3-8A2F-4F26-A51B-DF44A7E23405}.Release|x64.Deploy.0 = Release|x64
		{490AADD3-8A2F-4F26-A51B-DF44A7E23405}.Release|x86.ActiveCfg = Release|x86
		{490AADD3-8A2F-4F26-A51B-DF44A7E23405}.Release|x86.Build.0 = Release|x86
		{490AADD3-8A2F-4F26-A51B-DF44A7E23405}.Release|x86.Deploy.0 = Release|x86
	EndGlobalSection
	GlobalSection(SolutionProperties) = preSolution
		HideSolutionNode = FALSE
	EndGlobalSection
EndGlobal
